
Microsoft Visual Studio Solution File, Format Version 12.00
# Visual Studio Version 17
VisualStudioVersion = 17.2.32616.157
MinimumVisualStudioVersion = 10.0.40219.1
Project("{FAE04EC0-301F-11D3-BF4B-00C04F79EFBC}") = "NOVR", "NOVR\NOVR.csproj", "{D28B08FD-9318-42A7-A475-29001E60189D}"
EndProject
Project("{FAE04EC0-301F-11D3-BF4B-00C04F79EFBC}") = "NOVR.Patcher", "NOVR.Patcher\NOVR.Patcher.csproj", "{7F7CF87A-01D8-417A-89BB-16C6239FF847}"
EndProject
Project("{FAE04EC0-301F-11D3-BF4B-00C04F79EFBC}") = "NOVR.XR.OpenXR", "NOVR.XR.OpenXR\NOVR.XR.OpenXR.csproj", "{6DBAB490-0743-4FD8-AA9D-C27D683E5725}"
EndProject
Project("{FAE04EC0-301F-11D3-BF4B-00C04F79EFBC}") = "NOVR.XR.Management", "NOVR.XR.Management\NOVR.XR.Management.csproj", "{A5950B2D-7B9D-444F-B44D-1761950BC8A2}"
EndProject
Project("{8BC9CEB8-8B4A-11D0-8D11-00A0C91BC942}") = "Uuvr.XInput", "Uuvr.XInput\Uuvr.XInput.vcxproj", "{189421C5-47DA-4948-999E-16CED2DE436D}"
EndProject
Project("{FAE04EC0-301F-11D3-BF4B-00C04F79EFBC}") = "NOVR.Installer", "NOVR.Installer\NOVR.Installer.csproj", "{73540E94-C600-4D83-9F83-F54AF391F112}"
EndProject
Project("{FAE04EC0-301F-11D3-BF4B-00C04F79EFBC}") = "NOVR.Build", "NOVR.Build\NOVR.Build.csproj", "{5C8DE940-7ECD-4B66-9711-52A03DCD6943}"
EndProject
Project("{FAE04EC0-301F-11D3-BF4B-00C04F79EFBC}") = "NOVR.McpBridge", "NOVR.McpBridge\NOVR.McpBridge.csproj", "{0749F2CD-3081-4EEC-B62F-ABBC3BF756F7}"
EndProject
Project("{FAE04EC0-301F-11D3-BF4B-00C04F79EFBC}") = "NOVR.Gamepad", "NOVR.Gamepad\NOVR.Gamepad.csproj", "{A5887340-7739-4CDE-9649-F510E37325A4}"
EndProject
Global
	GlobalSection(SolutionConfigurationPlatforms) = preSolution
		Release|Any CPU = Release|Any CPU
		Release|x64 = Release|x64
		Release|x86 = Release|x86
		Debug|Any CPU = Debug|Any CPU
		Debug|x64 = Debug|x64
		Debug|x86 = Debug|x86
	EndGlobalSection
	GlobalSection(ProjectConfigurationPlatforms) = postSolution
		{D28B08FD-9318-42A7-A475-29001E60189D}.Release|Any CPU.ActiveCfg = Release|Any CPU
		{D28B08FD-9318-42A7-A475-29001E60189D}.Release|Any CPU.Build.0 = Release|Any CPU
		{D28B08FD-9318-42A7-A475-29001E60189D}.Release|x64.ActiveCfg = Release|Any CPU
		{D28B08FD-9318-42A7-A475-29001E60189D}.Release|x64.Build.0 = Release|Any CPU
		{D28B08FD-9318-42A7-A475-29001E60189D}.Release|x86.ActiveCfg = Release|Any CPU
		{D28B08FD-9318-42A7-A475-29001E60189D}.Release|x86.Build.0 = Release|Any CPU
		{D28B08FD-9318-42A7-A475-29001E60189D}.Debug|Any CPU.ActiveCfg = Debug|Any CPU
		{D28B08FD-9318-42A7-A475-29001E60189D}.Debug|Any CPU.Build.0 = Debug|Any CPU
		{D28B08FD-9318-42A7-A475-29001E60189D}.Debug|x64.ActiveCfg = Debug|Any CPU
		{D28B08FD-9318-42A7-A475-29001E60189D}.Debug|x64.Build.0 = Debug|Any CPU
		{D28B08FD-9318-42A7-A475-29001E60189D}.Debug|x86.ActiveCfg = Debug|Any CPU
		{D28B08FD-9318-42A7-A475-29001E60189D}.Debug|x86.Build.0 = Debug|Any CPU
		{7F7CF87A-01D8-417A-89BB-16C6239FF847}.Release|Any CPU.ActiveCfg = Release|Any CPU
		{7F7CF87A-01D8-417A-89BB-16C6239FF847}.Release|Any CPU.Build.0 = Release|Any CPU
		{7F7CF87A-01D8-417A-89BB-16C6239FF847}.Release|x64.ActiveCfg = Release|Any CPU
		{7F7CF87A-01D8-417A-89BB-16C6239FF847}.Release|x64.Build.0 = Release|Any CPU
		{7F7CF87A-01D8-417A-89BB-16C6239FF847}.Release|x86.ActiveCfg = Release|Any CPU
		{7F7CF87A-01D8-417A-89BB-16C6239FF847}.Release|x86.Build.0 = Release|Any CPU
		{7F7CF87A-01D8-417A-89BB-16C6239FF847}.Debug|Any CPU.ActiveCfg = Debug|Any CPU
		{7F7CF87A-01D8-417A-89BB-16C6239FF847}.Debug|Any CPU.Build.0 = Debug|Any CPU
		{7F7CF87A-01D8-417A-89BB-16C6239FF847}.Debug|x64.ActiveCfg = Debug|Any CPU
		{7F7CF87A-01D8-417A-89BB-16C6239FF847}.Debug|x64.Build.0 = Debug|Any CPU
		{7F7CF87A-01D8-417A-89BB-16C6239FF847}.Debug|x86.ActiveCfg = Debug|Any CPU
		{7F7CF87A-01D8-417A-89BB-16C6239FF847}.Debug|x86.Build.0 = Debug|Any CPU
		{6DBAB490-0743-4FD8-AA9D-C27D683E5725}.Release|Any CPU.ActiveCfg = Release|Any CPU
		{6DBAB490-0743-4FD8-AA9D-C27D683E5725}.Release|Any CPU.Build.0 = Release|Any CPU
		{6DBAB490-0743-4FD8-AA9D-C27D683E5725}.Release|x64.ActiveCfg = Release|Any CPU
		{6DBAB490-0743-4FD8-AA9D-C27D683E5725}.Release|x64.Build.0 = Release|Any CPU
		{6DBAB490-0743-4FD8-AA9D-C27D683E5725}.Release|x86.ActiveCfg = Release|Any CPU
		{6DBAB490-0743-4FD8-AA9D-C27D683E5725}.Release|x86.Build.0 = Release|Any CPU
		{6DBAB490-0743-4FD8-AA9D-C27D683E5725}.Debug|Any CPU.ActiveCfg = Debug|Any CPU
		{6DBAB490-0743-4FD8-AA9D-C27D683E5725}.Debug|Any CPU.Build.0 = Debug|Any CPU
		{6DBAB490-0743-4FD8-AA9D-C27D683E5725}.Debug|x64.ActiveCfg = Debug|Any CPU
		{6DBAB490-0743-4FD8-AA9D-C27D683E5725}.Debug|x64.Build.0 = Debug|Any CPU
		{6DBAB490-0743-4FD8-AA9D-C27D683E5725}.Debug|x86.ActiveCfg = Debug|Any CPU
		{6DBAB490-0743-4FD8-AA9D-C27D683E5725}.Debug|x86.Build.0 = Debug|Any CPU
		{A5950B2D-7B9D-444F-B44D-1761950BC8A2}.Release|Any CPU.ActiveCfg = Release|Any CPU
		{A5950B2D-7B9D-444F-B44D-1761950BC8A2}.Release|Any CPU.Build.0 = Release|Any CPU
		{A5950B2D-7B9D-444F-B44D-1761950BC8A2}.Release|x64.ActiveCfg = Release|Any CPU
		{A5950B2D-7B9D-444F-B44D-1761950BC8A2}.Release|x64.Build.0 = Release|Any CPU
		{A5950B2D-7B9D-444F-B44D-1761950BC8A2}.Release|x86.ActiveCfg = Release|Any CPU
		{A5950B2D-7B9D-444F-B44D-1761950BC8A2}.Release|x86.Build.0 = Release|Any CPU
		{A5950B2D-7B9D-444F-B44D-1761950BC8A2}.Debug|Any CPU.ActiveCfg = Debug|Any CPU
		{A5950B2D-7B9D-444F-B44D-1761950BC8A2}.Debug|Any CPU.Build.0 = Debug|Any CPU
		{A5950B2D-7B9D-444F-B44D-1761950BC8A2}.Debug|x64.ActiveCfg = Debug|Any CPU
		{A5950B2D-7B9D-444F-B44D-1761950BC8A2}.Debug|x64.Build.0 = Debug|Any CPU
		{A5950B2D-7B9D-444F-B44D-1761950BC8A2}.Debug|x86.ActiveCfg = Debug|Any CPU
		{A5950B2D-7B9D-444F-B44D-1761950BC8A2}.Debug|x86.Build.0 = Debug|Any CPU
		{189421C5-47DA-4948-999E-16CED2DE436D}.Release|Any CPU.ActiveCfg = Release|x64
		{189421C5-47DA-4948-999E-16CED2DE436D}.Release|x64.ActiveCfg = Release|x64
		{189421C5-47DA-4948-999E-16CED2DE436D}.Release|x64.Build.0 = Release|x64
		{189421C5-47DA-4948-999E-16CED2DE436D}.Release|x86.ActiveCfg = Release|Win32
		{189421C5-47DA-4948-999E-16CED2DE436D}.Release|x86.Build.0 = Release|Win32
		{189421C5-47DA-4948-999E-16CED2DE436D}.Debug|Any CPU.ActiveCfg = Debug|x64
		{189421C5-47DA-4948-999E-16CED2DE436D}.Debug|Any CPU.Build.0 = Debug|x64
		{189421C5-47DA-4948-999E-16CED2DE436D}.Debug|x64.ActiveCfg = Debug|x64
		{189421C5-47DA-4948-999E-16CED2DE436D}.Debug|x64.Build.0 = Debug|x64
		{189421C5-47DA-4948-999E-16CED2DE436D}.Debug|x86.ActiveCfg = Debug|Win32
		{189421C5-47DA-4948-999E-16CED2DE436D}.Debug|x86.Build.0 = Debug|Win32
		{73540E94-C600-4D83-9F83-F54AF391F112}.Release|Any CPU.ActiveCfg = Release|Any CPU
		{73540E94-C600-4D83-9F83-F54AF391F112}.Release|Any CPU.Build.0 = Release|Any CPU
		{73540E94-C600-4D83-9F83-F54AF391F112}.Release|x64.ActiveCfg = Release|Any CPU
		{73540E94-C600-4D83-9F83-F54AF391F112}.Release|x64.Build.0 = Release|Any CPU
		{73540E94-C600-4D83-9F83-F54AF391F112}.Release|x86.ActiveCfg = Release|Any CPU
		{73540E94-C600-4D83-9F83-F54AF391F112}.Release|x86.Build.0 = Release|Any CPU
		{73540E94-C600-4D83-9F83-F54AF391F112}.Debug|Any CPU.ActiveCfg = Debug|Any CPU
		{73540E94-C600-4D83-9F83-F54AF391F112}.Debug|Any CPU.Build.0 = Debug|Any CPU
		{73540E94-C600-4D83-9F83-F54AF391F112}.Debug|x64.ActiveCfg = Debug|Any CPU
		{73540E94-C600-4D83-9F83-F54AF391F112}.Debug|x64.Build.0 = Debug|Any CPU
		{73540E94-C600-4D83-9F83-F54AF391F112}.Debug|x86.ActiveCfg = Debug|Any CPU
		{73540E94-C600-4D83-9F83-F54AF391F112}.Debug|x86.Build.0 = Debug|Any CPU
		{5C8DE940-7ECD-4B66-9711-52A03DCD6943}.Release|Any CPU.ActiveCfg = Release|Any CPU
		{5C8DE940-7ECD-4B66-9711-52A03DCD6943}.Release|Any CPU.Build.0 = Release|Any CPU
		{5C8DE940-7ECD-4B66-9711-52A03DCD6943}.Release|x64.ActiveCfg = Release|Any CPU
		{5C8DE940-7ECD-4B66-9711-52A03DCD6943}.Release|x64.Build.0 = Release|Any CPU
		{5C8DE940-7ECD-4B66-9711-52A03DCD6943}.Release|x86.ActiveCfg = Release|Any CPU
		{5C8DE940-7ECD-4B66-9711-52A03DCD6943}.Release|x86.Build.0 = Release|Any CPU
		{5C8DE940-7ECD-4B66-9711-52A03DCD6943}.Debug|Any CPU.ActiveCfg = Debug|Any CPU
		{5C8DE940-7ECD-4B66-9711-52A03DCD6943}.Debug|Any CPU.Build.0 = Debug|Any CPU
		{5C8DE940-7ECD-4B66-9711-52A03DCD6943}.Debug|x64.ActiveCfg = Debug|Any CPU
		{5C8DE940-7ECD-4B66-9711-52A03DCD6943}.Debug|x64.Build.0 = Debug|Any CPU
		{5C8DE940-7ECD-4B66-9711-52A03DCD6943}.Debug|x86.ActiveCfg = Debug|Any CPU
		{5C8DE940-7ECD-4B66-9711-52A03DCD6943}.Debug|x86.Build.0 = Debug|Any CPU
		{0749F2CD-3081-4EEC-B62F-ABBC3BF756F7}.Release|Any CPU.ActiveCfg = Release|Any CPU
		{0749F2CD-3081-4EEC-B62F-ABBC3BF756F7}.Release|Any CPU.Build.0 = Release|Any CPU
		{0749F2CD-3081-4EEC-B62F-ABBC3BF756F7}.Release|x64.ActiveCfg = Release|Any CPU
		{0749F2CD-3081-4EEC-B62F-ABBC3BF756F7}.Release|x64.Build.0 = Release|Any CPU
		{0749F2CD-3081-4EEC-B62F-ABBC3BF756F7}.Release|x86.ActiveCfg = Release|Any CPU
		{0749F2CD-3081-4EEC-B62F-ABBC3BF756F7}.Release|x86.Build.0 = Release|Any CPU
		{0749F2CD-3081-4EEC-B62F-ABBC3BF756F7}.Debug|Any CPU.ActiveCfg = Debug|Any CPU
		{0749F2CD-3081-4EEC-B62F-ABBC3BF756F7}.Debug|Any CPU.Build.0 = Debug|Any CPU
		{0749F2CD-3081-4EEC-B62F-ABBC3BF756F7}.Debug|x64.ActiveCfg = Debug|Any CPU
		{0749F2CD-3081-4EEC-B62F-ABBC3BF756F7}.Debug|x64.Build.0 = Debug|Any CPU
		{0749F2CD-3081-4EEC-B62F-ABBC3BF756F7}.Debug|x86.ActiveCfg = Debug|Any CPU
		{0749F2CD-3081-4EEC-B62F-ABBC3BF756F7}.Debug|x86.Build.0 = Debug|Any CPU
		{A5887340-7739-4CDE-9649-F510E37325A4}.Release|Any CPU.ActiveCfg = Release|Any CPU
		{A5887340-7739-4CDE-9649-F510E37325A4}.Release|Any CPU.Build.0 = Release|Any CPU
		{A5887340-7739-4CDE-9649-F510E37325A4}.Release|x64.ActiveCfg = Release|Any CPU
		{A5887340-7739-4CDE-9649-F510E37325A4}.Release|x64.Build.0 = Release|Any CPU
		{A5887340-7739-4CDE-9649-F510E37325A4}.Release|x86.ActiveCfg = Release|Any CPU
		{A5887340-7739-4CDE-9649-F510E37325A4}.Release|x86.Build.0 = Release|Any CPU
		{A5887340-7739-4CDE-9649-F510E37325A4}.Debug|Any CPU.ActiveCfg = Debug|Any CPU
		{A5887340-7739-4CDE-9649-F510E37325A4}.Debug|Any CPU.Build.0 = Debug|Any CPU
		{A5887340-7739-4CDE-9649-F510E37325A4}.Debug|x64.ActiveCfg = Debug|Any CPU
		{A5887340-7739-4CDE-9649-F510E37325A4}.Debug|x64.Build.0 = Debug|Any CPU
		{A5887340-7739-4CDE-9649-F510E37325A4}.Debug|x86.ActiveCfg = Debug|Any CPU
		{A5887340-7739-4CDE-9649-F510E37325A4}.Debug|x86.Build.0 = Debug|Any CPU
	EndGlobalSection
	GlobalSection(SolutionProperties) = preSolution
		HideSolutionNode = FALSE
	EndGlobalSection
	GlobalSection(ExtensibilityGlobals) = postSolution
		SolutionGuid = {58E08034-61D7-41A2-9BF9-DE0275232B81}
	EndGlobalSection
EndGlobal
